
Microsoft Visual Studio Solution File, Format Version 12.00
# Visual Studio Version 17
VisualStudioVersion = 17.6.33927.249
MinimumVisualStudioVersion = 10.0.40219.1
Project("{FAE04EC0-301F-11D3-BF4B-00C04F79EFBC}") = "ScheduledParameterJob", "ScheduledParameterJob\ScheduledParameterJob.csproj", "{02CA8F3C-8A3B-43D1-9DE1-230382C04155}"
EndProject
Global
	GlobalSection(SolutionConfigurationPlatforms) = preSolution
		Debug|Any CPU = Debug|Any CPU
		Release|Any CPU = Release|Any CPU
	EndGlobalSection
	GlobalSection(ProjectConfigurationPlatforms) = postSolution
		{02CA8F3C-8A3B-43D1-9DE1-230382C04155}.Debug|Any CPU.ActiveCfg = Debug|Any CPU
		{02CA8F3C-8A3B-43D1-9DE1-230382C04155}.Debug|Any CPU.Build.0 = Debug|Any CPU
		{02CA8F3C-8A3B-43D1-9DE1-230382C04155}.Release|Any CPU.ActiveCfg = Release|Any CPU
		{02CA8F3C-8A3B-43D1-9DE1-230382C04155}.Release|Any CPU.Build.0 = Release|Any CPU
	EndGlobalSection
	GlobalSection(SolutionProperties) = preSolution
		HideSolutionNode = FALSE
	EndGlobalSection
	GlobalSection(ExtensibilityGlobals) = postSolution
		SolutionGuid = {90FF41B8-B992-499C-AA06-14940A969279}
	EndGlobalSection
EndGlobal
